
Microsoft Visual Studio Solution File, Format Version 12.00
# Visual Studio Version 17
VisualStudioVersion = 17.9.34616.47
MinimumVisualStudioVersion = 10.0.40219.1
Project("{9A19103F-16F7-4668-BE54-9A1E7A4F7556}") = "EscrowPro", "EscrowPro\EscrowPro.csproj", "{77FC255E-9BE1-4BB6-BB77-C0612D19DBA2}"
EndProject
Project("{FAE04EC0-301F-11D3-BF4B-00C04F79EFBC}") = "EscrowPro.Model", "EscrowPro.Model\EscrowPro.Model.csproj", "{17329274-04B2-4D67-928A-FAC0734DAA83}"
EndProject
Global
	GlobalSection(SolutionConfigurationPlatforms) = preSolution
		Debug|Any CPU = Debug|Any CPU
		Release|Any CPU = Release|Any CPU
	EndGlobalSection
	GlobalSection(ProjectConfigurationPlatforms) = postSolution
		{77FC255E-9BE1-4BB6-BB77-C0612D19DBA2}.Debug|Any CPU.ActiveCfg = Debug|Any CPU
		{77FC255E-9BE1-4BB6-BB77-C0612D19DBA2}.Debug|Any CPU.Build.0 = Debug|Any CPU
		{77FC255E-9BE1-4BB6-BB77-C0612D19DBA2}.Release|Any CPU.ActiveCfg = Release|Any CPU
		{77FC255E-9BE1-4BB6-BB77-C0612D19DBA2}.Release|Any CPU.Build.0 = Release|Any CPU
		{17329274-04B2-4D67-928A-FAC0734DAA83}.Debug|Any CPU.ActiveCfg = Debug|Any CPU
		{17329274-04B2-4D67-928A-FAC0734DAA83}.Debug|Any CPU.Build.0 = Debug|Any CPU
		{17329274-04B2-4D67-928A-FAC0734DAA83}.Release|Any CPU.ActiveCfg = Release|Any CPU
		{17329274-04B2-4D67-928A-FAC0734DAA83}.Release|Any CPU.Build.0 = Release|Any CPU
	EndGlobalSection
	GlobalSection(SolutionProperties) = preSolution
		HideSolutionNode = FALSE
	EndGlobalSection
	GlobalSection(ExtensibilityGlobals) = postSolution
		SolutionGuid = {04D83496-78CD-46A6-BB8C-05B6F719E316}
	EndGlobalSection
EndGlobal
