
Microsoft Visual Studio Solution File, Format Version 12.00
# Visual Studio Version 17
VisualStudioVersion = 17.9.34616.47
MinimumVisualStudioVersion = 10.0.40219.1
Project("{9A19103F-16F7-4668-BE54-9A1E7A4F7556}") = "EscrowPro", "EscrowPro\EscrowPro.csproj", "{77FC255E-9BE1-4BB6-BB77-C0612D19DBA2}"
EndProject
Project("{9A19103F-16F7-4668-BE54-9A1E7A4F7556}") = "EscrowPro.Core", "EscrowPro.Model\EscrowPro.Core.csproj", "{17329274-04B2-4D67-928A-FAC0734DAA83}"
EndProject
Project("{9A19103F-16F7-4668-BE54-9A1E7A4F7556}") = "EscrowPro.Infrastructure", "EscrowPro.Infrastructure\EscrowPro.Infrastructure.csproj", "{B7FDB6A2-CC4F-463B-8BC4-90AC67449319}"
EndProject
Project("{9A19103F-16F7-4668-BE54-9A1E7A4F7556}") = "EscrowPro.Service", "EscrowPro.Service\EscrowPro.Service.csproj", "{4241DC2B-845C-425E-9191-9B3584A0856C}"
EndProject
Project("{2150E333-8FDC-42A3-9474-1A3956D46DE8}") = "EscrowPro.Tests", "EscrowPro.Tests", "{A1E2C2B1-15D1-4D07-AE56-593B4865EB6A}"
EndProject
Project("{2150E333-8FDC-42A3-9474-1A3956D46DE8}") = "EscrowPro.Tests (2)", "EscrowPro.Tests (2)", "{B1BBEE51-AF35-4A5D-AA55-3827C19AC395}"
EndProject
Project("{2150E333-8FDC-42A3-9474-1A3956D46DE8}") = "Controller", "Controller", "{B6793D82-69A6-48D6-A43C-7DE28C5B3F59}"
EndProject
Project("{2150E333-8FDC-42A3-9474-1A3956D46DE8}") = "Repositories", "Repositories", "{11163372-81E7-435C-9F9E-7B222835FF50}"
EndProject
Project("{9A19103F-16F7-4668-BE54-9A1E7A4F7556}") = "ControllersTest", "ControllersTest\ControllersTest.csproj", "{168E25CD-9495-49F7-AFCD-FC62180CA118}"
EndProject
Project("{2150E333-8FDC-42A3-9474-1A3956D46DE8}") = "Services", "Services", "{BAF7DB58-291D-4CE2-B7AC-A89F0EF36564}"
EndProject
Project("{FAE04EC0-301F-11D3-BF4B-00C04F79EFBC}") = "ServicesTests", "ServicesTests\ServicesTests.csproj", "{0DDD49F3-9276-4864-B55D-20D792C00BF2}"
EndProject
Global
	GlobalSection(SolutionConfigurationPlatforms) = preSolution
		Debug|Any CPU = Debug|Any CPU
		Release|Any CPU = Release|Any CPU
	EndGlobalSection
	GlobalSection(ProjectConfigurationPlatforms) = postSolution
		{77FC255E-9BE1-4BB6-BB77-C0612D19DBA2}.Debug|Any CPU.ActiveCfg = Debug|Any CPU
		{77FC255E-9BE1-4BB6-BB77-C0612D19DBA2}.Debug|Any CPU.Build.0 = Debug|Any CPU
		{77FC255E-9BE1-4BB6-BB77-C0612D19DBA2}.Release|Any CPU.ActiveCfg = Release|Any CPU
		{77FC255E-9BE1-4BB6-BB77-C0612D19DBA2}.Release|Any CPU.Build.0 = Release|Any CPU
		{17329274-04B2-4D67-928A-FAC0734DAA83}.Debug|Any CPU.ActiveCfg = Debug|Any CPU
		{17329274-04B2-4D67-928A-FAC0734DAA83}.Debug|Any CPU.Build.0 = Debug|Any CPU
		{17329274-04B2-4D67-928A-FAC0734DAA83}.Release|Any CPU.ActiveCfg = Release|Any CPU
		{17329274-04B2-4D67-928A-FAC0734DAA83}.Release|Any CPU.Build.0 = Release|Any CPU
		{B7FDB6A2-CC4F-463B-8BC4-90AC67449319}.Debug|Any CPU.ActiveCfg = Debug|Any CPU
		{B7FDB6A2-CC4F-463B-8BC4-90AC67449319}.Debug|Any CPU.Build.0 = Debug|Any CPU
		{B7FDB6A2-CC4F-463B-8BC4-90AC67449319}.Release|Any CPU.ActiveCfg = Release|Any CPU
		{B7FDB6A2-CC4F-463B-8BC4-90AC67449319}.Release|Any CPU.Build.0 = Release|Any CPU
		{4241DC2B-845C-425E-9191-9B3584A0856C}.Debug|Any CPU.ActiveCfg = Debug|Any CPU
		{4241DC2B-845C-425E-9191-9B3584A0856C}.Debug|Any CPU.Build.0 = Debug|Any CPU
		{4241DC2B-845C-425E-9191-9B3584A0856C}.Release|Any CPU.ActiveCfg = Release|Any CPU
		{4241DC2B-845C-425E-9191-9B3584A0856C}.Release|Any CPU.Build.0 = Release|Any CPU
		{168E25CD-9495-49F7-AFCD-FC62180CA118}.Debug|Any CPU.ActiveCfg = Debug|Any CPU
		{168E25CD-9495-49F7-AFCD-FC62180CA118}.Debug|Any CPU.Build.0 = Debug|Any CPU
		{168E25CD-9495-49F7-AFCD-FC62180CA118}.Release|Any CPU.ActiveCfg = Release|Any CPU
		{168E25CD-9495-49F7-AFCD-FC62180CA118}.Release|Any CPU.Build.0 = Release|Any CPU
		{0DDD49F3-9276-4864-B55D-20D792C00BF2}.Debug|Any CPU.ActiveCfg = Debug|Any CPU
		{0DDD49F3-9276-4864-B55D-20D792C00BF2}.Debug|Any CPU.Build.0 = Debug|Any CPU
		{0DDD49F3-9276-4864-B55D-20D792C00BF2}.Release|Any CPU.ActiveCfg = Release|Any CPU
		{0DDD49F3-9276-4864-B55D-20D792C00BF2}.Release|Any CPU.Build.0 = Release|Any CPU
	EndGlobalSection
	GlobalSection(SolutionProperties) = preSolution
		HideSolutionNode = FALSE
	EndGlobalSection
	GlobalSection(NestedProjects) = preSolution
		{B6793D82-69A6-48D6-A43C-7DE28C5B3F59} = {A1E2C2B1-15D1-4D07-AE56-593B4865EB6A}
		{11163372-81E7-435C-9F9E-7B222835FF50} = {A1E2C2B1-15D1-4D07-AE56-593B4865EB6A}
		{168E25CD-9495-49F7-AFCD-FC62180CA118} = {B6793D82-69A6-48D6-A43C-7DE28C5B3F59}
		{BAF7DB58-291D-4CE2-B7AC-A89F0EF36564} = {A1E2C2B1-15D1-4D07-AE56-593B4865EB6A}
		{0DDD49F3-9276-4864-B55D-20D792C00BF2} = {BAF7DB58-291D-4CE2-B7AC-A89F0EF36564}
	EndGlobalSection
	GlobalSection(ExtensibilityGlobals) = postSolution
		SolutionGuid = {04D83496-78CD-46A6-BB8C-05B6F719E316}
	EndGlobalSection
EndGlobal
